
Microsoft Visual Studio Solution File, Format Version 12.00
# Visual Studio Version 17
VisualStudioVersion = 17.3.32819.101
MinimumVisualStudioVersion = 10.0.40219.1
Project("{FAE04EC0-301F-11D3-BF4B-00C04F79EFBC}") = "Help_Desk_Project", "Help_Desk_Project\Help_Desk_Project.csproj", "{8BFED547-9F31-4386-A7B2-E81ED252B76A}"
EndProject
Global
	GlobalSection(SolutionConfigurationPlatforms) = preSolution
		Debug|Any CPU = Debug|Any CPU
		Release|Any CPU = Release|Any CPU
	EndGlobalSection
	GlobalSection(ProjectConfigurationPlatforms) = postSolution
		{8BFED547-9F31-4386-A7B2-E81ED252B76A}.Debug|Any CPU.ActiveCfg = Debug|Any CPU
		{8BFED547-9F31-4386-A7B2-E81ED252B76A}.Debug|Any CPU.Build.0 = Debug|Any CPU
		{8BFED547-9F31-4386-A7B2-E81ED252B76A}.Release|Any CPU.ActiveCfg = Release|Any CPU
		{8BFED547-9F31-4386-A7B2-E81ED252B76A}.Release|Any CPU.Build.0 = Release|Any CPU
	EndGlobalSection
	GlobalSection(SolutionProperties) = preSolution
		HideSolutionNode = FALSE
	EndGlobalSection
	GlobalSection(ExtensibilityGlobals) = postSolution
		SolutionGuid = {31C6657F-7710-488A-9E69-9383EA5DF8E7}
	EndGlobalSection
EndGlobal
